
Microsoft Visual Studio Solution File, Format Version 12.00
# Visual Studio Version 16
VisualStudioVersion = 16.0.31702.278
MinimumVisualStudioVersion = 10.0.40219.1
Project("{FAE04EC0-301F-11D3-BF4B-00C04F79EFBC}") = "NameSpaces", "NameSpaces\NameSpaces.csproj", "{3403411B-F976-492E-88AA-6076FCFA3379}"
EndProject
Global
	GlobalSection(SolutionConfigurationPlatforms) = preSolution
		Debug|Any CPU = Debug|Any CPU
		Release|Any CPU = Release|Any CPU
	EndGlobalSection
	GlobalSection(ProjectConfigurationPlatforms) = postSolution
		{3403411B-F976-492E-88AA-6076FCFA3379}.Debug|Any CPU.ActiveCfg = Debug|Any CPU
		{3403411B-F976-492E-88AA-6076FCFA3379}.Debug|Any CPU.Build.0 = Debug|Any CPU
		{3403411B-F976-492E-88AA-6076FCFA3379}.Release|Any CPU.ActiveCfg = Release|Any CPU
		{3403411B-F976-492E-88AA-6076FCFA3379}.Release|Any CPU.Build.0 = Release|Any CPU
	EndGlobalSection
	GlobalSection(SolutionProperties) = preSolution
		HideSolutionNode = FALSE
	EndGlobalSection
	GlobalSection(ExtensibilityGlobals) = postSolution
		SolutionGuid = {58E0714D-4B00-45AF-8C97-33E05FD42B3E}
	EndGlobalSection
EndGlobal
