
Microsoft Visual Studio Solution File, Format Version 12.00
# Visual Studio Version 16
VisualStudioVersion = 16.0.31702.278
MinimumVisualStudioVersion = 10.0.40219.1
Project("{9A19103F-16F7-4668-BE54-9A1E7A4F7556}") = "helloWorld", "helloWorld.csproj", "{2051E435-C2E8-4803-9CAC-C14A805B291B}"
EndProject
Global
	GlobalSection(SolutionConfigurationPlatforms) = preSolution
		Debug|Any CPU = Debug|Any CPU
		Release|Any CPU = Release|Any CPU
	EndGlobalSection
	GlobalSection(ProjectConfigurationPlatforms) = postSolution
		{2051E435-C2E8-4803-9CAC-C14A805B291B}.Debug|Any CPU.ActiveCfg = Debug|Any CPU
		{2051E435-C2E8-4803-9CAC-C14A805B291B}.Debug|Any CPU.Build.0 = Debug|Any CPU
		{2051E435-C2E8-4803-9CAC-C14A805B291B}.Release|Any CPU.ActiveCfg = Release|Any CPU
		{2051E435-C2E8-4803-9CAC-C14A805B291B}.Release|Any CPU.Build.0 = Release|Any CPU
	EndGlobalSection
	GlobalSection(SolutionProperties) = preSolution
		HideSolutionNode = FALSE
	EndGlobalSection
	GlobalSection(ExtensibilityGlobals) = postSolution
		SolutionGuid = {64922F9E-934C-47AD-B5BA-42C5ECB84FBE}
	EndGlobalSection
EndGlobal
