
Microsoft Visual Studio Solution File, Format Version 12.00
# Visual Studio Version 16
VisualStudioVersion = 16.0.31702.278
MinimumVisualStudioVersion = 10.0.40219.1
Project("{9A19103F-16F7-4668-BE54-9A1E7A4F7556}") = "Tijd op het scherm", "Tijd op het scherm.csproj", "{C4B28550-D50F-4335-8BBC-2301F6BC6608}"
EndProject
Global
	GlobalSection(SolutionConfigurationPlatforms) = preSolution
		Debug|Any CPU = Debug|Any CPU
		Release|Any CPU = Release|Any CPU
	EndGlobalSection
	GlobalSection(ProjectConfigurationPlatforms) = postSolution
		{C4B28550-D50F-4335-8BBC-2301F6BC6608}.Debug|Any CPU.ActiveCfg = Debug|Any CPU
		{C4B28550-D50F-4335-8BBC-2301F6BC6608}.Debug|Any CPU.Build.0 = Debug|Any CPU
		{C4B28550-D50F-4335-8BBC-2301F6BC6608}.Release|Any CPU.ActiveCfg = Release|Any CPU
		{C4B28550-D50F-4335-8BBC-2301F6BC6608}.Release|Any CPU.Build.0 = Release|Any CPU
	EndGlobalSection
	GlobalSection(SolutionProperties) = preSolution
		HideSolutionNode = FALSE
	EndGlobalSection
	GlobalSection(ExtensibilityGlobals) = postSolution
		SolutionGuid = {CAC11C0D-5768-4BC3-9210-AF929BA1AAF0}
	EndGlobalSection
EndGlobal
