
Microsoft Visual Studio Solution File, Format Version 12.00
# Visual Studio Version 16
VisualStudioVersion = 16.0.31702.278
MinimumVisualStudioVersion = 10.0.40219.1
Project("{FAE04EC0-301F-11D3-BF4B-00C04F79EFBC}") = "Overerving", "Overerving\Overerving.csproj", "{54A34D32-20AF-4F05-90F3-E991AE0A391D}"
EndProject
Global
	GlobalSection(SolutionConfigurationPlatforms) = preSolution
		Debug|Any CPU = Debug|Any CPU
		Release|Any CPU = Release|Any CPU
	EndGlobalSection
	GlobalSection(ProjectConfigurationPlatforms) = postSolution
		{54A34D32-20AF-4F05-90F3-E991AE0A391D}.Debug|Any CPU.ActiveCfg = Debug|Any CPU
		{54A34D32-20AF-4F05-90F3-E991AE0A391D}.Debug|Any CPU.Build.0 = Debug|Any CPU
		{54A34D32-20AF-4F05-90F3-E991AE0A391D}.Release|Any CPU.ActiveCfg = Release|Any CPU
		{54A34D32-20AF-4F05-90F3-E991AE0A391D}.Release|Any CPU.Build.0 = Release|Any CPU
	EndGlobalSection
	GlobalSection(SolutionProperties) = preSolution
		HideSolutionNode = FALSE
	EndGlobalSection
	GlobalSection(ExtensibilityGlobals) = postSolution
		SolutionGuid = {FF0CE9FE-3FE6-4A4B-89D8-E639F5E79A01}
	EndGlobalSection
EndGlobal
